// !$*UTF8*$!
{
	archiveVersion = 1;
	classes = {
	};
	objectVersion = 56;
	objects = {

/* Begin PBXBuildFile section */
		29D460DA2BC5949D00252B54 /* BusAlarmAppApp.swift in Sources */ = {isa = PBXBuildFile; fileRef = 29D460D92BC5949D00252B54 /* BusAlarmAppApp.swift */; };
		29D460DC2BC5949D00252B54 /* ContentView.swift in Sources */ = {isa = PBXBuildFile; fileRef = 29D460DB2BC5949D00252B54 /* ContentView.swift */; };
		29D460DE2BC5949D00252B54 /* Item.swift in Sources */ = {isa = PBXBuildFile; fileRef = 29D460DD2BC5949D00252B54 /* Item.swift */; };
		29D460E02BC595D800252B54 /* Assets.xcassets in Resources */ = {isa = PBXBuildFile; fileRef = 29D460DF2BC595D800252B54 /* Assets.xcassets */; };
		29D460E42BC595D800252B54 /* Preview Assets.xcassets in Resources */ = {isa = PBXBuildFile; fileRef = 29D460E32BC595D800252B54 /* Preview Assets.xcassets */; };
		29D460EE2BC595EE00252B54 /* BusAlarmAppTests.swift in Sources */ = {isa = PBXBuildFile; fileRef = 29D460ED2BC595EE00252B54 /* BusAlarmAppTests.swift */; };
		29D460F82BC595F300252B54 /* BusAlarmAppUITests.swift in Sources */ = {isa = PBXBuildFile; fileRef = 29D460F72BC595F300252B54 /* BusAlarmAppUITests.swift */; };
		29D460FA2BC595F400252B54 /* BusAlarmAppUITestsLaunchTests.swift in Sources */ = {isa = PBXBuildFile; fileRef = 29D460F92BC595F400252B54 /* BusAlarmAppUITestsLaunchTests.swift */; };
/* End PBXBuildFile section */

/* Begin PBXContainerItemProxy section */
		29D460EA2BC595ED00252B54 /* PBXContainerItemProxy */ = {
			isa = PBXContainerItemProxy;
			containerPortal = 29D460CE2BC5949700252B54 /* Project object */;
			proxyType = 1;
			remoteGlobalIDString = 29D460D52BC5949C00252B54;
			remoteInfo = BusAlarmApp;
		};
		29D460F42BC595F300252B54 /* PBXContainerItemProxy */ = {
			isa = PBXContainerItemProxy;
			containerPortal = 29D460CE2BC5949700252B54 /* Project object */;
			proxyType = 1;
			remoteGlobalIDString = 29D460D52BC5949C00252B54;
			remoteInfo = BusAlarmApp;
		};
/* End PBXContainerItemProxy section */

/* Begin PBXFileReference section */
		29D460D62BC5949D00252B54 /* BusAlarmApp.app */ = {isa = PBXFileReference; explicitFileType = wrapper.application; includeInIndex = 0; path = BusAlarmApp.app; sourceTree = BUILT_PRODUCTS_DIR; };
		29D460D92BC5949D00252B54 /* BusAlarmAppApp.swift */ = {isa = PBXFileReference; lastKnownFileType = sourcecode.swift; path = BusAlarmAppApp.swift; sourceTree = "<group>"; };
		29D460DB2BC5949D00252B54 /* ContentView.swift */ = {isa = PBXFileReference; lastKnownFileType = sourcecode.swift; path = ContentView.swift; sourceTree = "<group>"; };
		29D460DD2BC5949D00252B54 /* Item.swift */ = {isa = PBXFileReference; lastKnownFileType = sourcecode.swift; path = Item.swift; sourceTree = "<group>"; };
		29D460DF2BC595D800252B54 /* Assets.xcassets */ = {isa = PBXFileReference; lastKnownFileType = folder.assetcatalog; path = Assets.xcassets; sourceTree = "<group>"; };
		29D460E12BC595D800252B54 /* BusAlarmApp.entitlements */ = {isa = PBXFileReference; lastKnownFileType = text.plist.entitlements; path = BusAlarmApp.entitlements; sourceTree = "<group>"; };
		29D460E32BC595D800252B54 /* Preview Assets.xcassets */ = {isa = PBXFileReference; lastKnownFileType = folder.assetcatalog; path = "Preview Assets.xcassets"; sourceTree = "<group>"; };
		29D460E92BC595ED00252B54 /* BusAlarmAppTests.xctest */ = {isa = PBXFileReference; explicitFileType = wrapper.cfbundle; includeInIndex = 0; path = BusAlarmAppTests.xctest; sourceTree = BUILT_PRODUCTS_DIR; };
		29D460ED2BC595EE00252B54 /* BusAlarmAppTests.swift */ = {isa = PBXFileReference; lastKnownFileType = sourcecode.swift; path = BusAlarmAppTests.swift; sourceTree = "<group>"; };
		29D460F32BC595F300252B54 /* BusAlarmAppUITests.xctest */ = {isa = PBXFileReference; explicitFileType = wrapper.cfbundle; includeInIndex = 0; path = BusAlarmAppUITests.xctest; sourceTree = BUILT_PRODUCTS_DIR; };
		29D460F72BC595F300252B54 /* BusAlarmAppUITests.swift */ = {isa = PBXFileReference; lastKnownFileType = sourcecode.swift; path = BusAlarmAppUITests.swift; sourceTree = "<group>"; };
		29D460F92BC595F400252B54 /* BusAlarmAppUITestsLaunchTests.swift */ = {isa = PBXFileReference; lastKnownFileType = sourcecode.swift; path = BusAlarmAppUITestsLaunchTests.swift; sourceTree = "<group>"; };
/* End PBXFileReference section */

/* Begin PBXFrameworksBuildPhase section */
		29D460D32BC5949C00252B54 /* Frameworks */ = {
			isa = PBXFrameworksBuildPhase;
			buildActionMask = 2147483647;
			files = (
			);
			runOnlyForDeploymentPostprocessing = 0;
		};
		29D460E62BC595ED00252B54 /* Frameworks */ = {
			isa = PBXFrameworksBuildPhase;
			buildActionMask = 2147483647;
			files = (
			);
			runOnlyForDeploymentPostprocessing = 0;
		};
		29D460F02BC595F300252B54 /* Frameworks */ = {
			isa = PBXFrameworksBuildPhase;
			buildActionMask = 2147483647;
			files = (
			);
			runOnlyForDeploymentPostprocessing = 0;
		};
/* End PBXFrameworksBuildPhase section */

/* Begin PBXGroup section */
		29D460CD2BC5949600252B54 = {
			isa = PBXGroup;
			children = (
				29D460D82BC5949D00252B54 /* BusAlarmApp */,
				29D460EC2BC595EE00252B54 /* BusAlarmAppTests */,
				29D460F62BC595F300252B54 /* BusAlarmAppUITests */,
				29D460D72BC5949D00252B54 /* Products */,
			);
			sourceTree = "<group>";
		};
		29D460D72BC5949D00252B54 /* Products */ = {
			isa = PBXGroup;
			children = (
				29D460D62BC5949D00252B54 /* BusAlarmApp.app */,
				29D460E92BC595ED00252B54 /* BusAlarmAppTests.xctest */,
				29D460F32BC595F300252B54 /* BusAlarmAppUITests.xctest */,
			);
			name = Products;
			sourceTree = "<group>";
		};
		29D460D82BC5949D00252B54 /* BusAlarmApp */ = {
			isa = PBXGroup;
			children = (
				29D460D92BC5949D00252B54 /* BusAlarmAppApp.swift */,
				29D460DB2BC5949D00252B54 /* ContentView.swift */,
				29D460DD2BC5949D00252B54 /* Item.swift */,
				29D460DF2BC595D800252B54 /* Assets.xcassets */,
				29D460E12BC595D800252B54 /* BusAlarmApp.entitlements */,
				29D460E22BC595D800252B54 /* Preview Content */,
			);
			path = BusAlarmApp;
			sourceTree = "<group>";
		};
		29D460E22BC595D800252B54 /* Preview Content */ = {
			isa = PBXGroup;
			children = (
				29D460E32BC595D800252B54 /* Preview Assets.xcassets */,
			);
			path = "Preview Content";
			sourceTree = "<group>";
		};
		29D460EC2BC595EE00252B54 /* BusAlarmAppTests */ = {
			isa = PBXGroup;
			children = (
				29D460ED2BC595EE00252B54 /* BusAlarmAppTests.swift */,
			);
			path = BusAlarmAppTests;
			sourceTree = "<group>";
		};
		29D460F62BC595F300252B54 /* BusAlarmAppUITests */ = {
			isa = PBXGroup;
			children = (
				29D460F72BC595F300252B54 /* BusAlarmAppUITests.swift */,
				29D460F92BC595F400252B54 /* BusAlarmAppUITestsLaunchTests.swift */,
			);
			path = BusAlarmAppUITests;
			sourceTree = "<group>";
		};
/* End PBXGroup section */

/* Begin PBXNativeTarget section */
		29D460D52BC5949C00252B54 /* BusAlarmApp */ = {
			isa = PBXNativeTarget;
			buildConfigurationList = 29D460FD2BC595F400252B54 /* Build configuration list for PBXNativeTarget "BusAlarmApp" */;
			buildPhases = (
				29D460D22BC5949C00252B54 /* Sources */,
				29D460D32BC5949C00252B54 /* Frameworks */,
				29D460D42BC5949C00252B54 /* Resources */,
			);
			buildRules = (
			);
			dependencies = (
			);
			name = BusAlarmApp;
			productName = BusAlarmApp;
			productReference = 29D460D62BC5949D00252B54 /* BusAlarmApp.app */;
			productType = "com.apple.product-type.application";
		};
		29D460E82BC595ED00252B54 /* BusAlarmAppTests */ = {
			isa = PBXNativeTarget;
			buildConfigurationList = 29D461002BC595F400252B54 /* Build configuration list for PBXNativeTarget "BusAlarmAppTests" */;
			buildPhases = (
				29D460E52BC595ED00252B54 /* Sources */,
				29D460E62BC595ED00252B54 /* Frameworks */,
				29D460E72BC595ED00252B54 /* Resources */,
			);
			buildRules = (
			);
			dependencies = (
				29D460EB2BC595ED00252B54 /* PBXTargetDependency */,
			);
			name = BusAlarmAppTests;
			productName = BusAlarmAppTests;
			productReference = 29D460E92BC595ED00252B54 /* BusAlarmAppTests.xctest */;
			productType = "com.apple.product-type.bundle.unit-test";
		};
		29D460F22BC595F300252B54 /* BusAlarmAppUITests */ = {
			isa = PBXNativeTarget;
			buildConfigurationList = 29D461032BC595F400252B54 /* Build configuration list for PBXNativeTarget "BusAlarmAppUITests" */;
			buildPhases = (
				29D460EF2BC595F300252B54 /* Sources */,
				29D460F02BC595F300252B54 /* Frameworks */,
				29D460F12BC595F300252B54 /* Resources */,
			);
			buildRules = (
			);
			dependencies = (
				29D460F52BC595F300252B54 /* PBXTargetDependency */,
			);
			name = BusAlarmAppUITests;
			productName = BusAlarmAppUITests;
			productReference = 29D460F32BC595F300252B54 /* BusAlarmAppUITests.xctest */;
			productType = "com.apple.product-type.bundle.ui-testing";
		};
/* End PBXNativeTarget section */

/* Begin PBXProject section */
		29D460CE2BC5949700252B54 /* Project object */ = {
			isa = PBXProject;
			attributes = {
				BuildIndependentTargetsInParallel = 1;
				LastSwiftUpdateCheck = 1530;
				LastUpgradeCheck = 1530;
				TargetAttributes = {
					29D460D52BC5949C00252B54 = {
						CreatedOnToolsVersion = 15.3;
					};
					29D460E82BC595ED00252B54 = {
						CreatedOnToolsVersion = 15.3;
						TestTargetID = 29D460D52BC5949C00252B54;
					};
					29D460F22BC595F300252B54 = {
						CreatedOnToolsVersion = 15.3;
						TestTargetID = 29D460D52BC5949C00252B54;
					};
				};
			};
			buildConfigurationList = 29D460D12BC5949700252B54 /* Build configuration list for PBXProject "BusAlarmApp" */;
			compatibilityVersion = "Xcode 14.0";
			developmentRegion = en;
			hasScannedForEncodings = 0;
			knownRegions = (
				en,
				Base,
			);
			mainGroup = 29D460CD2BC5949600252B54;
			productRefGroup = 29D460D72BC5949D00252B54 /* Products */;
			projectDirPath = "";
			projectRoot = "";
			targets = (
				29D460D52BC5949C00252B54 /* BusAlarmApp */,
				29D460E82BC595ED00252B54 /* BusAlarmAppTests */,
				29D460F22BC595F300252B54 /* BusAlarmAppUITests */,
			);
		};
/* End PBXProject section */

/* Begin PBXResourcesBuildPhase section */
		29D460D42BC5949C00252B54 /* Resources */ = {
			isa = PBXResourcesBuildPhase;
			buildActionMask = 2147483647;
			files = (
				29D460E42BC595D800252B54 /* Preview Assets.xcassets in Resources */,
				29D460E02BC595D800252B54 /* Assets.xcassets in Resources */,
			);
			runOnlyForDeploymentPostprocessing = 0;
		};
		29D460E72BC595ED00252B54 /* Resources */ = {
			isa = PBXResourcesBuildPhase;
			buildActionMask = 2147483647;
			files = (
			);
			runOnlyForDeploymentPostprocessing = 0;
		};
		29D460F12BC595F300252B54 /* Resources */ = {
			isa = PBXResourcesBuildPhase;
			buildActionMask = 2147483647;
			files = (
			);
			runOnlyForDeploymentPostprocessing = 0;
		};
/* End PBXResourcesBuildPhase section */

/* Begin PBXSourcesBuildPhase section */
		29D460D22BC5949C00252B54 /* Sources */ = {
			isa = PBXSourcesBuildPhase;
			buildActionMask = 2147483647;
			files = (
				29D460DC2BC5949D00252B54 /* ContentView.swift in Sources */,
				29D460DE2BC5949D00252B54 /* Item.swift in Sources */,
				29D460DA2BC5949D00252B54 /* BusAlarmAppApp.swift in Sources */,
			);
			runOnlyForDeploymentPostprocessing = 0;
		};
		29D460E52BC595ED00252B54 /* Sources */ = {
			isa = PBXSourcesBuildPhase;
			buildActionMask = 2147483647;
			files = (
				29D460EE2BC595EE00252B54 /* BusAlarmAppTests.swift in Sources */,
			);
			runOnlyForDeploymentPostprocessing = 0;
		};
		29D460EF2BC595F300252B54 /* Sources */ = {
			isa = PBXSourcesBuildPhase;
			buildActionMask = 2147483647;
			files = (
				29D460F82BC595F300252B54 /* BusAlarmAppUITests.swift in Sources */,
				29D460FA2BC595F400252B54 /* BusAlarmAppUITestsLaunchTests.swift in Sources */,
			);
			runOnlyForDeploymentPostprocessing = 0;
		};
/* End PBXSourcesBuildPhase section */

/* Begin PBXTargetDependency section */
		29D460EB2BC595ED00252B54 /* PBXTargetDependency */ = {
			isa = PBXTargetDependency;
			target = 29D460D52BC5949C00252B54 /* BusAlarmApp */;
			targetProxy = 29D460EA2BC595ED00252B54 /* PBXContainerItemProxy */;
		};
		29D460F52BC595F300252B54 /* PBXTargetDependency */ = {
			isa = PBXTargetDependency;
			target = 29D460D52BC5949C00252B54 /* BusAlarmApp */;
			targetProxy = 29D460F42BC595F300252B54 /* PBXContainerItemProxy */;
		};
/* End PBXTargetDependency section */

/* Begin XCBuildConfiguration section */
		29D460FB2BC595F400252B54 /* Debug */ = {
			isa = XCBuildConfiguration;
			buildSettings = {
				ALWAYS_SEARCH_USER_PATHS = NO;
				ASSETCATALOG_COMPILER_GENERATE_SWIFT_ASSET_SYMBOL_EXTENSIONS = YES;
				CLANG_ANALYZER_NONNULL = YES;
				CLANG_ANALYZER_NUMBER_OBJECT_CONVERSION = YES_AGGRESSIVE;
				CLANG_CXX_LANGUAGE_STANDARD = "gnu++20";
				CLANG_ENABLE_MODULES = YES;
				CLANG_ENABLE_OBJC_ARC = YES;
				CLANG_ENABLE_OBJC_WEAK = YES;
				CLANG_WARN_BLOCK_CAPTURE_AUTORELEASING = YES;
				CLANG_WARN_BOOL_CONVERSION = YES;
				CLANG_WARN_COMMA = YES;
				CLANG_WARN_CONSTANT_CONVERSION = YES;
				CLANG_WARN_DEPRECATED_OBJC_IMPLEMENTATIONS = YES;
				CLANG_WARN_DIRECT_OBJC_ISA_USAGE = YES_ERROR;
				CLANG_WARN_DOCUMENTATION_COMMENTS = YES;
				CLANG_WARN_EMPTY_BODY = YES;
				CLANG_WARN_ENUM_CONVERSION = YES;
				CLANG_WARN_INFINITE_RECURSION = YES;
				CLANG_WARN_INT_CONVERSION = YES;
				CLANG_WARN_NON_LITERAL_NULL_CONVERSION = YES;
				CLANG_WARN_OBJC_IMPLICIT_RETAIN_SELF = YES;
				CLANG_WARN_OBJC_LITERAL_CONVERSION = YES;
				CLANG_WARN_OBJC_ROOT_CLASS = YES_ERROR;
				CLANG_WARN_QUOTED_INCLUDE_IN_FRAMEWORK_HEADER = YES;
				CLANG_WARN_RANGE_LOOP_ANALYSIS = YES;
				CLANG_WARN_STRICT_PROTOTYPES = YES;
				CLANG_WARN_SUSPICIOUS_MOVE = YES;
				CLANG_WARN_UNGUARDED_AVAILABILITY = YES_AGGRESSIVE;
				CLANG_WARN_UNREACHABLE_CODE = YES;
				CLANG_WARN__DUPLICATE_METHOD_MATCH = YES;
				COPY_PHASE_STRIP = NO;
				DEBUG_INFORMATION_FORMAT = dwarf;
				ENABLE_STRICT_OBJC_MSGSEND = YES;
				ENABLE_TESTABILITY = YES;
				ENABLE_USER_SCRIPT_SANDBOXING = YES;
				GCC_C_LANGUAGE_STANDARD = gnu17;
				GCC_DYNAMIC_NO_PIC = NO;
				GCC_NO_COMMON_BLOCKS = YES;
				GCC_OPTIMIZATION_LEVEL = 0;
				GCC_PREPROCESSOR_DEFINITIONS = (
					"DEBUG=1",
					"$(inherited)",
				);
				GCC_WARN_64_TO_32_BIT_CONVERSION = YES;
				GCC_WARN_ABOUT_RETURN_TYPE = YES_ERROR;
				GCC_WARN_UNDECLARED_SELECTOR = YES;
				GCC_WARN_UNINITIALIZED_AUTOS = YES_AGGRESSIVE;
				GCC_WARN_UNUSED_FUNCTION = YES;
				GCC_WARN_UNUSED_VARIABLE = YES;
				LOCALIZATION_PREFERS_STRING_CATALOGS = YES;
				MTL_ENABLE_DEBUG_INFO = INCLUDE_SOURCE;
				MTL_FAST_MATH = YES;
				ONLY_ACTIVE_ARCH = YES;
				SWIFT_ACTIVE_COMPILATION_CONDITIONS = "DEBUG $(inherited)";
				SWIFT_OPTIMIZATION_LEVEL = "-Onone";
			};
			name = Debug;
		};
		29D460FC2BC595F400252B54 /* Release */ = {
			isa = XCBuildConfiguration;
			buildSettings = {
				ALWAYS_SEARCH_USER_PATHS = NO;
				ASSETCATALOG_COMPILER_GENERATE_SWIFT_ASSET_SYMBOL_EXTENSIONS = YES;
				CLANG_ANALYZER_NONNULL = YES;
				CLANG_ANALYZER_NUMBER_OBJECT_CONVERSION = YES_AGGRESSIVE;
				CLANG_CXX_LANGUAGE_STANDARD = "gnu++20";
				CLANG_ENABLE_MODULES = YES;
				CLANG_ENABLE_OBJC_ARC = YES;
				CLANG_ENABLE_OBJC_WEAK = YES;
				CLANG_WARN_BLOCK_CAPTURE_AUTORELEASING = YES;
				CLANG_WARN_BOOL_CONVERSION = YES;
				CLANG_WARN_COMMA = YES;
				CLANG_WARN_CONSTANT_CONVERSION = YES;
				CLANG_WARN_DEPRECATED_OBJC_IMPLEMENTATIONS = YES;
				CLANG_WARN_DIRECT_OBJC_ISA_USAGE = YES_ERROR;
				CLANG_WARN_DOCUMENTATION_COMMENTS = YES;
				CLANG_WARN_EMPTY_BODY = YES;
				CLANG_WARN_ENUM_CONVERSION = YES;
				CLANG_WARN_INFINITE_RECURSION = YES;
				CLANG_WARN_INT_CONVERSION = YES;
				CLANG_WARN_NON_LITERAL_NULL_CONVERSION = YES;
				CLANG_WARN_OBJC_IMPLICIT_RETAIN_SELF = YES;
				CLANG_WARN_OBJC_LITERAL_CONVERSION = YES;
				CLANG_WARN_OBJC_ROOT_CLASS = YES_ERROR;
				CLANG_WARN_QUOTED_INCLUDE_IN_FRAMEWORK_HEADER = YES;
				CLANG_WARN_RANGE_LOOP_ANALYSIS = YES;
				CLANG_WARN_STRICT_PROTOTYPES = YES;
				CLANG_WARN_SUSPICIOUS_MOVE = YES;
				CLANG_WARN_UNGUARDED_AVAILABILITY = YES_AGGRESSIVE;
				CLANG_WARN_UNREACHABLE_CODE = YES;
				CLANG_WARN__DUPLICATE_METHOD_MATCH = YES;
				COPY_PHASE_STRIP = NO;
				DEBUG_INFORMATION_FORMAT = "dwarf-with-dsym";
				ENABLE_NS_ASSERTIONS = NO;
				ENABLE_STRICT_OBJC_MSGSEND = YES;
				ENABLE_USER_SCRIPT_SANDBOXING = YES;
				GCC_C_LANGUAGE_STANDARD = gnu17;
				GCC_NO_COMMON_BLOCKS = YES;
				GCC_WARN_64_TO_32_BIT_CONVERSION = YES;
				GCC_WARN_ABOUT_RETURN_TYPE = YES_ERROR;
				GCC_WARN_UNDECLARED_SELECTOR = YES;
				GCC_WARN_UNINITIALIZED_AUTOS = YES_AGGRESSIVE;
				GCC_WARN_UNUSED_FUNCTION = YES;
				GCC_WARN_UNUSED_VARIABLE = YES;
				LOCALIZATION_PREFERS_STRING_CATALOGS = YES;
				MTL_ENABLE_DEBUG_INFO = NO;
				MTL_FAST_MATH = YES;
				SWIFT_COMPILATION_MODE = wholemodule;
			};
			name = Release;
		};
		29D460FE2BC595F400252B54 /* Debug */ = {
			isa = XCBuildConfiguration;
			buildSettings = {
				ASSETCATALOG_COMPILER_APPICON_NAME = AppIcon;
				ASSETCATALOG_COMPILER_GLOBAL_ACCENT_COLOR_NAME = AccentColor;
				CODE_SIGN_ENTITLEMENTS = BusAlarmApp/BusAlarmApp.entitlements;
				CODE_SIGN_STYLE = Automatic;
				CURRENT_PROJECT_VERSION = 1;
				DEVELOPMENT_ASSET_PATHS = "\"BusAlarmApp/Preview Content\"";
				ENABLE_PREVIEWS = YES;
				GENERATE_INFOPLIST_FILE = YES;
				"INFOPLIST_KEY_UIApplicationSceneManifest_Generation[sdk=iphoneos*]" = YES;
				"INFOPLIST_KEY_UIApplicationSceneManifest_Generation[sdk=iphonesimulator*]" = YES;
				"INFOPLIST_KEY_UIApplicationSupportsIndirectInputEvents[sdk=iphoneos*]" = YES;
				"INFOPLIST_KEY_UIApplicationSupportsIndirectInputEvents[sdk=iphonesimulator*]" = YES;
				"INFOPLIST_KEY_UILaunchScreen_Generation[sdk=iphoneos*]" = YES;
				"INFOPLIST_KEY_UILaunchScreen_Generation[sdk=iphonesimulator*]" = YES;
				"INFOPLIST_KEY_UIStatusBarStyle[sdk=iphoneos*]" = UIStatusBarStyleDefault;
				"INFOPLIST_KEY_UIStatusBarStyle[sdk=iphonesimulator*]" = UIStatusBarStyleDefault;
				INFOPLIST_KEY_UISupportedInterfaceOrientations_iPad = "UIInterfaceOrientationPortrait UIInterfaceOrientationPortraitUpsideDown UIInterfaceOrientationLandscapeLeft UIInterfaceOrientationLandscapeRight";
				INFOPLIST_KEY_UISupportedInterfaceOrientations_iPhone = "UIInterfaceOrientationPortrait UIInterfaceOrientationLandscapeLeft UIInterfaceOrientationLandscapeRight";
				IPHONEOS_DEPLOYMENT_TARGET = 17.4;
				LD_RUNPATH_SEARCH_PATHS = "@executable_path/Frameworks";
				"LD_RUNPATH_SEARCH_PATHS[sdk=macosx*]" = "@executable_path/../Frameworks";
				MACOSX_DEPLOYMENT_TARGET = 14.0;
				MARKETING_VERSION = 1.0;
				PRODUCT_BUNDLE_IDENTIFIER = com.nakamu.BusAlarmApp;
				PRODUCT_NAME = "$(TARGET_NAME)";
				SDKROOT = auto;
				SUPPORTED_PLATFORMS = "iphoneos iphonesimulator macosx";
				SWIFT_EMIT_LOC_STRINGS = YES;
				SWIFT_VERSION = 5.0;
				TARGETED_DEVICE_FAMILY = "1,2";
			};
			name = Debug;
		};
		29D460FF2BC595F400252B54 /* Release */ = {
			isa = XCBuildConfiguration;
			buildSettings = {
				ASSETCATALOG_COMPILER_APPICON_NAME = AppIcon;
				ASSETCATALOG_COMPILER_GLOBAL_ACCENT_COLOR_NAME = AccentColor;
				CODE_SIGN_ENTITLEMENTS = BusAlarmApp/BusAlarmApp.entitlements;
				CODE_SIGN_STYLE = Automatic;
				CURRENT_PROJECT_VERSION = 1;
				DEVELOPMENT_ASSET_PATHS = "\"BusAlarmApp/Preview Content\"";
				ENABLE_PREVIEWS = YES;
				GENERATE_INFOPLIST_FILE = YES;
				"INFOPLIST_KEY_UIApplicationSceneManifest_Generation[sdk=iphoneos*]" = YES;
				"INFOPLIST_KEY_UIApplicationSceneManifest_Generation[sdk=iphonesimulator*]" = YES;
				"INFOPLIST_KEY_UIApplicationSupportsIndirectInputEvents[sdk=iphoneos*]" = YES;
				"INFOPLIST_KEY_UIApplicationSupportsIndirectInputEvents[sdk=iphonesimulator*]" = YES;
				"INFOPLIST_KEY_UILaunchScreen_Generation[sdk=iphoneos*]" = YES;
				"INFOPLIST_KEY_UILaunchScreen_Generation[sdk=iphonesimulator*]" = YES;
				"INFOPLIST_KEY_UIStatusBarStyle[sdk=iphoneos*]" = UIStatusBarStyleDefault;
				"INFOPLIST_KEY_UIStatusBarStyle[sdk=iphonesimulator*]" = UIStatusBarStyleDefault;
				INFOPLIST_KEY_UISupportedInterfaceOrientations_iPad = "UIInterfaceOrientationPortrait UIInterfaceOrientationPortraitUpsideDown UIInterfaceOrientationLandscapeLeft UIInterfaceOrientationLandscapeRight";
				INFOPLIST_KEY_UISupportedInterfaceOrientations_iPhone = "UIInterfaceOrientationPortrait UIInterfaceOrientationLandscapeLeft UIInterfaceOrientationLandscapeRight";
				IPHONEOS_DEPLOYMENT_TARGET = 17.4;
				LD_RUNPATH_SEARCH_PATHS = "@executable_path/Frameworks";
				"LD_RUNPATH_SEARCH_PATHS[sdk=macosx*]" = "@executable_path/../Frameworks";
				MACOSX_DEPLOYMENT_TARGET = 14.0;
				MARKETING_VERSION = 1.0;
				PRODUCT_BUNDLE_IDENTIFIER = com.nakamu.BusAlarmApp;
				PRODUCT_NAME = "$(TARGET_NAME)";
				SDKROOT = auto;
				SUPPORTED_PLATFORMS = "iphoneos iphonesimulator macosx";
				SWIFT_EMIT_LOC_STRINGS = YES;
				SWIFT_VERSION = 5.0;
				TARGETED_DEVICE_FAMILY = "1,2";
			};
			name = Release;
		};
		29D461012BC595F400252B54 /* Debug */ = {
			isa = XCBuildConfiguration;
			buildSettings = {
				ALWAYS_EMBED_SWIFT_STANDARD_LIBRARIES = YES;
				BUNDLE_LOADER = "$(TEST_HOST)";
				CODE_SIGN_STYLE = Automatic;
				CURRENT_PROJECT_VERSION = 1;
				GENERATE_INFOPLIST_FILE = YES;
				IPHONEOS_DEPLOYMENT_TARGET = 17.4;
				MACOSX_DEPLOYMENT_TARGET = 14.4;
				MARKETING_VERSION = 1.0;
				PRODUCT_BUNDLE_IDENTIFIER = com.nakamu.BusAlarmAppTests;
				PRODUCT_NAME = "$(TARGET_NAME)";
				SDKROOT = auto;
				SUPPORTED_PLATFORMS = "iphoneos iphonesimulator macosx";
				SWIFT_EMIT_LOC_STRINGS = NO;
				SWIFT_VERSION = 5.0;
				TARGETED_DEVICE_FAMILY = "1,2";
				TEST_HOST = "$(BUILT_PRODUCTS_DIR)/BusAlarmApp.app/$(BUNDLE_EXECUTABLE_FOLDER_PATH)/BusAlarmApp";
			};
			name = Debug;
		};
		29D461022BC595F400252B54 /* Release */ = {
			isa = XCBuildConfiguration;
			buildSettings = {
				ALWAYS_EMBED_SWIFT_STANDARD_LIBRARIES = YES;
				BUNDLE_LOADER = "$(TEST_HOST)";
				CODE_SIGN_STYLE = Automatic;
				CURRENT_PROJECT_VERSION = 1;
				GENERATE_INFOPLIST_FILE = YES;
				IPHONEOS_DEPLOYMENT_TARGET = 17.4;
				MACOSX_DEPLOYMENT_TARGET = 14.4;
				MARKETING_VERSION = 1.0;
				PRODUCT_BUNDLE_IDENTIFIER = com.nakamu.BusAlarmAppTests;
				PRODUCT_NAME = "$(TARGET_NAME)";
				SDKROOT = auto;
				SUPPORTED_PLATFORMS = "iphoneos iphonesimulator macosx";
				SWIFT_EMIT_LOC_STRINGS = NO;
				SWIFT_VERSION = 5.0;
				TARGETED_DEVICE_FAMILY = "1,2";
				TEST_HOST = "$(BUILT_PRODUCTS_DIR)/BusAlarmApp.app/$(BUNDLE_EXECUTABLE_FOLDER_PATH)/BusAlarmApp";
			};
			name = Release;
		};
		29D461042BC595F400252B54 /* Debug */ = {
			isa = XCBuildConfiguration;
			buildSettings = {
				ALWAYS_EMBED_SWIFT_STANDARD_LIBRARIES = YES;
				CODE_SIGN_STYLE = Automatic;
				CURRENT_PROJECT_VERSION = 1;
				GENERATE_INFOPLIST_FILE = YES;
				IPHONEOS_DEPLOYMENT_TARGET = 17.4;
				MACOSX_DEPLOYMENT_TARGET = 14.4;
				MARKETING_VERSION = 1.0;
				PRODUCT_BUNDLE_IDENTIFIER = com.nakamu.BusAlarmAppUITests;
				PRODUCT_NAME = "$(TARGET_NAME)";
				SDKROOT = auto;
				SUPPORTED_PLATFORMS = "iphoneos iphonesimulator macosx";
				SWIFT_EMIT_LOC_STRINGS = NO;
				SWIFT_VERSION = 5.0;
				TARGETED_DEVICE_FAMILY = "1,2";
				TEST_TARGET_NAME = BusAlarmApp;
			};
			name = Debug;
		};
		29D461052BC595F400252B54 /* Release */ = {
			isa = XCBuildConfiguration;
			buildSettings = {
				ALWAYS_EMBED_SWIFT_STANDARD_LIBRARIES = YES;
				CODE_SIGN_STYLE = Automatic;
				CURRENT_PROJECT_VERSION = 1;
				GENERATE_INFOPLIST_FILE = YES;
				IPHONEOS_DEPLOYMENT_TARGET = 17.4;
				MACOSX_DEPLOYMENT_TARGET = 14.4;
				MARKETING_VERSION = 1.0;
				PRODUCT_BUNDLE_IDENTIFIER = com.nakamu.BusAlarmAppUITests;
				PRODUCT_NAME = "$(TARGET_NAME)";
				SDKROOT = auto;
				SUPPORTED_PLATFORMS = "iphoneos iphonesimulator macosx";
				SWIFT_EMIT_LOC_STRINGS = NO;
				SWIFT_VERSION = 5.0;
				TARGETED_DEVICE_FAMILY = "1,2";
				TEST_TARGET_NAME = BusAlarmApp;
			};
			name = Release;
		};
/* End XCBuildConfiguration section */

/* Begin XCConfigurationList section */
		29D460D12BC5949700252B54 /* Build configuration list for PBXProject "BusAlarmApp" */ = {
			isa = XCConfigurationList;
			buildConfigurations = (
				29D460FB2BC595F400252B54 /* Debug */,
				29D460FC2BC595F400252B54 /* Release */,
			);
			defaultConfigurationIsVisible = 0;
			defaultConfigurationName = Release;
		};
		29D460FD2BC595F400252B54 /* Build configuration list for PBXNativeTarget "BusAlarmApp" */ = {
			isa = XCConfigurationList;
			buildConfigurations = (
				29D460FE2BC595F400252B54 /* Debug */,
				29D460FF2BC595F400252B54 /* Release */,
			);
			defaultConfigurationIsVisible = 0;
			defaultConfigurationName = Release;
		};
		29D461002BC595F400252B54 /* Build configuration list for PBXNativeTarget "BusAlarmAppTests" */ = {
			isa = XCConfigurationList;
			buildConfigurations = (
				29D461012BC595F400252B54 /* Debug */,
				29D461022BC595F400252B54 /* Release */,
			);
			defaultConfigurationIsVisible = 0;
			defaultConfigurationName = Release;
		};
		29D461032BC595F400252B54 /* Build configuration list for PBXNativeTarget "BusAlarmAppUITests" */ = {
			isa = XCConfigurationList;
			buildConfigurations = (
				29D461042BC595F400252B54 /* Debug */,
				29D461052BC595F400252B54 /* Release */,
			);
			defaultConfigurationIsVisible = 0;
			defaultConfigurationName = Release;
		};
/* End XCConfigurationList section */
	};
	rootObject = 29D460CE2BC5949700252B54 /* Project object */;
}
